// !$*UTF8*$!
{
	archiveVersion = 1;
	classes = {
	};
	objectVersion = 48;
	objects = {

/* Begin PBXBuildFile section */
		AC21791A1FC350A40048423C /* AppDelegate.swift in Sources */ = {isa = PBXBuildFile; fileRef = AC2179191FC350A40048423C /* AppDelegate.swift */; };
		AC21791C1FC350A40048423C /* ViewController.swift in Sources */ = {isa = PBXBuildFile; fileRef = AC21791B1FC350A40048423C /* ViewController.swift */; };
		AC21791F1FC350A40048423C /* Main.storyboard in Resources */ = {isa = PBXBuildFile; fileRef = AC21791D1FC350A40048423C /* Main.storyboard */; };
		AC2179211FC350A40048423C /* Assets.xcassets in Resources */ = {isa = PBXBuildFile; fileRef = AC2179201FC350A40048423C /* Assets.xcassets */; };
		AC2179241FC350A40048423C /* LaunchScreen.storyboard in Resources */ = {isa = PBXBuildFile; fileRef = AC2179221FC350A40048423C /* LaunchScreen.storyboard */; };
		AC21792D1FC3549B0048423C /* View1.swift in Sources */ = {isa = PBXBuildFile; fileRef = AC21792B1FC3549B0048423C /* View1.swift */; };
		AC21792E1FC3549B0048423C /* View1.xib in Resources */ = {isa = PBXBuildFile; fileRef = AC21792C1FC3549B0048423C /* View1.xib */; };
		AC2179311FC3558B0048423C /* View2.swift in Sources */ = {isa = PBXBuildFile; fileRef = AC21792F1FC3558B0048423C /* View2.swift */; };
		AC2179321FC3558B0048423C /* View2.xib in Resources */ = {isa = PBXBuildFile; fileRef = AC2179301FC3558B0048423C /* View2.xib */; };
		AC2179351FC358260048423C /* View3.swift in Sources */ = {isa = PBXBuildFile; fileRef = AC2179331FC358260048423C /* View3.swift */; };
		AC2179361FC358260048423C /* View3.xib in Resources */ = {isa = PBXBuildFile; fileRef = AC2179341FC358260048423C /* View3.xib */; };
		AC21793B1FC3C81C0048423C /* PwPBrain.swift in Sources */ = {isa = PBXBuildFile; fileRef = AC21793A1FC3C81C0048423C /* PwPBrain.swift */; };
/* End PBXBuildFile section */

/* Begin PBXFileReference section */
		AC2179161FC350A40048423C /* PwP2.app */ = {isa = PBXFileReference; explicitFileType = wrapper.application; includeInIndex = 0; path = PwP2.app; sourceTree = BUILT_PRODUCTS_DIR; };
		AC2179191FC350A40048423C /* AppDelegate.swift */ = {isa = PBXFileReference; lastKnownFileType = sourcecode.swift; path = AppDelegate.swift; sourceTree = "<group>"; };
		AC21791B1FC350A40048423C /* ViewController.swift */ = {isa = PBXFileReference; lastKnownFileType = sourcecode.swift; path = ViewController.swift; sourceTree = "<group>"; };
		AC21791E1FC350A40048423C /* Base */ = {isa = PBXFileReference; lastKnownFileType = file.storyboard; name = Base; path = Base.lproj/Main.storyboard; sourceTree = "<group>"; };
		AC2179201FC350A40048423C /* Assets.xcassets */ = {isa = PBXFileReference; lastKnownFileType = folder.assetcatalog; path = Assets.xcassets; sourceTree = "<group>"; };
		AC2179231FC350A40048423C /* Base */ = {isa = PBXFileReference; lastKnownFileType = file.storyboard; name = Base; path = Base.lproj/LaunchScreen.storyboard; sourceTree = "<group>"; };
		AC2179251FC350A40048423C /* Info.plist */ = {isa = PBXFileReference; lastKnownFileType = text.plist.xml; path = Info.plist; sourceTree = "<group>"; };
		AC21792B1FC3549B0048423C /* View1.swift */ = {isa = PBXFileReference; lastKnownFileType = sourcecode.swift; path = View1.swift; sourceTree = "<group>"; };
		AC21792C1FC3549B0048423C /* View1.xib */ = {isa = PBXFileReference; lastKnownFileType = file.xib; path = View1.xib; sourceTree = "<group>"; };
		AC21792F1FC3558B0048423C /* View2.swift */ = {isa = PBXFileReference; lastKnownFileType = sourcecode.swift; path = View2.swift; sourceTree = "<group>"; };
		AC2179301FC3558B0048423C /* View2.xib */ = {isa = PBXFileReference; lastKnownFileType = file.xib; path = View2.xib; sourceTree = "<group>"; };
		AC2179331FC358260048423C /* View3.swift */ = {isa = PBXFileReference; lastKnownFileType = sourcecode.swift; path = View3.swift; sourceTree = "<group>"; };
		AC2179341FC358260048423C /* View3.xib */ = {isa = PBXFileReference; lastKnownFileType = file.xib; path = View3.xib; sourceTree = "<group>"; };
		AC21793A1FC3C81C0048423C /* PwPBrain.swift */ = {isa = PBXFileReference; lastKnownFileType = sourcecode.swift; path = PwPBrain.swift; sourceTree = "<group>"; };
/* End PBXFileReference section */

/* Begin PBXFrameworksBuildPhase section */
		AC2179131FC350A40048423C /* Frameworks */ = {
			isa = PBXFrameworksBuildPhase;
			buildActionMask = 2147483647;
			files = (
			);
			runOnlyForDeploymentPostprocessing = 0;
		};
/* End PBXFrameworksBuildPhase section */

/* Begin PBXGroup section */
		AC21790D1FC350A40048423C = {
			isa = PBXGroup;
			children = (
				AC2179181FC350A40048423C /* PwP2 */,
				AC2179171FC350A40048423C /* Products */,
			);
			sourceTree = "<group>";
		};
		AC2179171FC350A40048423C /* Products */ = {
			isa = PBXGroup;
			children = (
				AC2179161FC350A40048423C /* PwP2.app */,
			);
			name = Products;
			sourceTree = "<group>";
		};
		AC2179181FC350A40048423C /* PwP2 */ = {
			isa = PBXGroup;
			children = (
				AC21791B1FC350A40048423C /* ViewController.swift */,
				AC2179331FC358260048423C /* View3.swift */,
				AC2179341FC358260048423C /* View3.xib */,
				AC21792F1FC3558B0048423C /* View2.swift */,
				AC2179301FC3558B0048423C /* View2.xib */,
				AC21791D1FC350A40048423C /* Main.storyboard */,
				AC21792B1FC3549B0048423C /* View1.swift */,
				AC21792C1FC3549B0048423C /* View1.xib */,
				AC2179191FC350A40048423C /* AppDelegate.swift */,
				AC2179201FC350A40048423C /* Assets.xcassets */,
				AC2179221FC350A40048423C /* LaunchScreen.storyboard */,
				AC2179251FC350A40048423C /* Info.plist */,
				AC21793A1FC3C81C0048423C /* PwPBrain.swift */,
			);
			path = PwP2;
			sourceTree = "<group>";
		};
/* End PBXGroup section */

/* Begin PBXNativeTarget section */
		AC2179151FC350A40048423C /* PwP2 */ = {
			isa = PBXNativeTarget;
			buildConfigurationList = AC2179281FC350A40048423C /* Build configuration list for PBXNativeTarget "PwP2" */;
			buildPhases = (
				AC2179121FC350A40048423C /* Sources */,
				AC2179131FC350A40048423C /* Frameworks */,
				AC2179141FC350A40048423C /* Resources */,
			);
			buildRules = (
			);
			dependencies = (
			);
			name = PwP2;
			productName = PwP2;
			productReference = AC2179161FC350A40048423C /* PwP2.app */;
			productType = "com.apple.product-type.application";
		};
/* End PBXNativeTarget section */

/* Begin PBXProject section */
		AC21790E1FC350A40048423C /* Project object */ = {
			isa = PBXProject;
			attributes = {
				LastSwiftUpdateCheck = 0910;
				LastUpgradeCheck = 0910;
				ORGANIZATIONNAME = yazami;
				TargetAttributes = {
					AC2179151FC350A40048423C = {
						CreatedOnToolsVersion = 9.1;
						ProvisioningStyle = Automatic;
					};
				};
			};
			buildConfigurationList = AC2179111FC350A40048423C /* Build configuration list for PBXProject "PwP2" */;
			compatibilityVersion = "Xcode 8.0";
			developmentRegion = en;
			hasScannedForEncodings = 0;
			knownRegions = (
				en,
				Base,
			);
			mainGroup = AC21790D1FC350A40048423C;
			productRefGroup = AC2179171FC350A40048423C /* Products */;
			projectDirPath = "";
			projectRoot = "";
			targets = (
				AC2179151FC350A40048423C /* PwP2 */,
			);
		};
/* End PBXProject section */

/* Begin PBXResourcesBuildPhase section */
		AC2179141FC350A40048423C /* Resources */ = {
			isa = PBXResourcesBuildPhase;
			buildActionMask = 2147483647;
			files = (
				AC2179241FC350A40048423C /* LaunchScreen.storyboard in Resources */,
				AC2179211FC350A40048423C /* Assets.xcassets in Resources */,
				AC2179361FC358260048423C /* View3.xib in Resources */,
				AC21792E1FC3549B0048423C /* View1.xib in Resources */,
				AC2179321FC3558B0048423C /* View2.xib in Resources */,
				AC21791F1FC350A40048423C /* Main.storyboard in Resources */,
			);
			runOnlyForDeploymentPostprocessing = 0;
		};
/* End PBXResourcesBuildPhase section */

/* Begin PBXSourcesBuildPhase section */
		AC2179121FC350A40048423C /* Sources */ = {
			isa = PBXSourcesBuildPhase;
			buildActionMask = 2147483647;
			files = (
				AC21791C1FC350A40048423C /* ViewController.swift in Sources */,
				AC2179351FC358260048423C /* View3.swift in Sources */,
				AC21793B1FC3C81C0048423C /* PwPBrain.swift in Sources */,
				AC21792D1FC3549B0048423C /* View1.swift in Sources */,
				AC21791A1FC350A40048423C /* AppDelegate.swift in Sources */,
				AC2179311FC3558B0048423C /* View2.swift in Sources */,
			);
			runOnlyForDeploymentPostprocessing = 0;
		};
/* End PBXSourcesBuildPhase section */

/* Begin PBXVariantGroup section */
		AC21791D1FC350A40048423C /* Main.storyboard */ = {
			isa = PBXVariantGroup;
			children = (
				AC21791E1FC350A40048423C /* Base */,
			);
			name = Main.storyboard;
			sourceTree = "<group>";
		};
		AC2179221FC350A40048423C /* LaunchScreen.storyboard */ = {
			isa = PBXVariantGroup;
			children = (
				AC2179231FC350A40048423C /* Base */,
			);
			name = LaunchScreen.storyboard;
			sourceTree = "<group>";
		};
/* End PBXVariantGroup section */

/* Begin XCBuildConfiguration section */
		AC2179261FC350A40048423C /* Debug */ = {
			isa = XCBuildConfiguration;
			buildSettings = {
				ALWAYS_SEARCH_USER_PATHS = NO;
				CLANG_ANALYZER_NONNULL = YES;
				CLANG_ANALYZER_NUMBER_OBJECT_CONVERSION = YES_AGGRESSIVE;
				CLANG_CXX_LANGUAGE_STANDARD = "gnu++14";
				CLANG_CXX_LIBRARY = "libc++";
				CLANG_ENABLE_MODULES = YES;
				CLANG_ENABLE_OBJC_ARC = YES;
				CLANG_WARN_BLOCK_CAPTURE_AUTORELEASING = YES;
				CLANG_WARN_BOOL_CONVERSION = YES;
				CLANG_WARN_COMMA = YES;
				CLANG_WARN_CONSTANT_CONVERSION = YES;
				CLANG_WARN_DIRECT_OBJC_ISA_USAGE = YES_ERROR;
				CLANG_WARN_DOCUMENTATION_COMMENTS = YES;
				CLANG_WARN_EMPTY_BODY = YES;
				CLANG_WARN_ENUM_CONVERSION = YES;
				CLANG_WARN_INFINITE_RECURSION = YES;
				CLANG_WARN_INT_CONVERSION = YES;
				CLANG_WARN_NON_LITERAL_NULL_CONVERSION = YES;
				CLANG_WARN_OBJC_LITERAL_CONVERSION = YES;
				CLANG_WARN_OBJC_ROOT_CLASS = YES_ERROR;
				CLANG_WARN_RANGE_LOOP_ANALYSIS = YES;
				CLANG_WARN_STRICT_PROTOTYPES = YES;
				CLANG_WARN_SUSPICIOUS_MOVE = YES;
				CLANG_WARN_UNGUARDED_AVAILABILITY = YES_AGGRESSIVE;
				CLANG_WARN_UNREACHABLE_CODE = YES;
				CLANG_WARN__DUPLICATE_METHOD_MATCH = YES;
				CODE_SIGN_IDENTITY = "iPhone Developer";
				COPY_PHASE_STRIP = NO;
				DEBUG_INFORMATION_FORMAT = dwarf;
				ENABLE_STRICT_OBJC_MSGSEND = YES;
				ENABLE_TESTABILITY = YES;
				GCC_C_LANGUAGE_STANDARD = gnu11;
				GCC_DYNAMIC_NO_PIC = NO;
				GCC_NO_COMMON_BLOCKS = YES;
				GCC_OPTIMIZATION_LEVEL = 0;
				GCC_PREPROCESSOR_DEFINITIONS = (
					"DEBUG=1",
					"$(inherited)",
				);
				GCC_WARN_64_TO_32_BIT_CONVERSION = YES;
				GCC_WARN_ABOUT_RETURN_TYPE = YES_ERROR;
				GCC_WARN_UNDECLARED_SELECTOR = YES;
				GCC_WARN_UNINITIALIZED_AUTOS = YES_AGGRESSIVE;
				GCC_WARN_UNUSED_FUNCTION = YES;
				GCC_WARN_UNUSED_VARIABLE = YES;
				IPHONEOS_DEPLOYMENT_TARGET = 11.1;
				MTL_ENABLE_DEBUG_INFO = YES;
				ONLY_ACTIVE_ARCH = YES;
				SDKROOT = iphoneos;
				SWIFT_ACTIVE_COMPILATION_CONDITIONS = DEBUG;
				SWIFT_OPTIMIZATION_LEVEL = "-Onone";
			};
			name = Debug;
		};
		AC2179271FC350A40048423C /* Release */ = {
			isa = XCBuildConfiguration;
			buildSettings = {
				ALWAYS_SEARCH_USER_PATHS = NO;
				CLANG_ANALYZER_NONNULL = YES;
				CLANG_ANALYZER_NUMBER_OBJECT_CONVERSION = YES_AGGRESSIVE;
				CLANG_CXX_LANGUAGE_STANDARD = "gnu++14";
				CLANG_CXX_LIBRARY = "libc++";
				CLANG_ENABLE_MODULES = YES;
				CLANG_ENABLE_OBJC_ARC = YES;
				CLANG_WARN_BLOCK_CAPTURE_AUTORELEASING = YES;
				CLANG_WARN_BOOL_CONVERSION = YES;
				CLANG_WARN_COMMA = YES;
				CLANG_WARN_CONSTANT_CONVERSION = YES;
				CLANG_WARN_DIRECT_OBJC_ISA_USAGE = YES_ERROR;
				CLANG_WARN_DOCUMENTATION_COMMENTS = YES;
				CLANG_WARN_EMPTY_BODY = YES;
				CLANG_WARN_ENUM_CONVERSION = YES;
				CLANG_WARN_INFINITE_RECURSION = YES;
				CLANG_WARN_INT_CONVERSION = YES;
				CLANG_WARN_NON_LITERAL_NULL_CONVERSION = YES;
				CLANG_WARN_OBJC_LITERAL_CONVERSION = YES;
				CLANG_WARN_OBJC_ROOT_CLASS = YES_ERROR;
				CLANG_WARN_RANGE_LOOP_ANALYSIS = YES;
				CLANG_WARN_STRICT_PROTOTYPES = YES;
				CLANG_WARN_SUSPICIOUS_MOVE = YES;
				CLANG_WARN_UNGUARDED_AVAILABILITY = YES_AGGRESSIVE;
				CLANG_WARN_UNREACHABLE_CODE = YES;
				CLANG_WARN__DUPLICATE_METHOD_MATCH = YES;
				CODE_SIGN_IDENTITY = "iPhone Developer";
				COPY_PHASE_STRIP = NO;
				DEBUG_INFORMATION_FORMAT = "dwarf-with-dsym";
				ENABLE_NS_ASSERTIONS = NO;
				ENABLE_STRICT_OBJC_MSGSEND = YES;
				GCC_C_LANGUAGE_STANDARD = gnu11;
				GCC_NO_COMMON_BLOCKS = YES;
				GCC_WARN_64_TO_32_BIT_CONVERSION = YES;
				GCC_WARN_ABOUT_RETURN_TYPE = YES_ERROR;
				GCC_WARN_UNDECLARED_SELECTOR = YES;
				GCC_WARN_UNINITIALIZED_AUTOS = YES_AGGRESSIVE;
				GCC_WARN_UNUSED_FUNCTION = YES;
				GCC_WARN_UNUSED_VARIABLE = YES;
				IPHONEOS_DEPLOYMENT_TARGET = 11.1;
				MTL_ENABLE_DEBUG_INFO = NO;
				SDKROOT = iphoneos;
				SWIFT_OPTIMIZATION_LEVEL = "-Owholemodule";
				VALIDATE_PRODUCT = YES;
			};
			name = Release;
		};
		AC2179291FC350A40048423C /* Debug */ = {
			isa = XCBuildConfiguration;
			buildSettings = {
				ASSETCATALOG_COMPILER_APPICON_NAME = AppIcon;
				CODE_SIGN_STYLE = Automatic;
				DEVELOPMENT_TEAM = UBBSHZ3KA7;
				INFOPLIST_FILE = PwP2/Info.plist;
				IPHONEOS_DEPLOYMENT_TARGET = 11.0;
				LD_RUNPATH_SEARCH_PATHS = "$(inherited) @executable_path/Frameworks";
				PRODUCT_BUNDLE_IDENTIFIER = com.yazami.PwP2;
				PRODUCT_NAME = "$(TARGET_NAME)";
				SWIFT_VERSION = 4.0;
				TARGETED_DEVICE_FAMILY = "1,2";
			};
			name = Debug;
		};
		AC21792A1FC350A40048423C /* Release */ = {
			isa = XCBuildConfiguration;
			buildSettings = {
				ASSETCATALOG_COMPILER_APPICON_NAME = AppIcon;
				CODE_SIGN_STYLE = Automatic;
				DEVELOPMENT_TEAM = UBBSHZ3KA7;
				INFOPLIST_FILE = PwP2/Info.plist;
				IPHONEOS_DEPLOYMENT_TARGET = 11.0;
				LD_RUNPATH_SEARCH_PATHS = "$(inherited) @executable_path/Frameworks";
				PRODUCT_BUNDLE_IDENTIFIER = com.yazami.PwP2;
				PRODUCT_NAME = "$(TARGET_NAME)";
				SWIFT_VERSION = 4.0;
				TARGETED_DEVICE_FAMILY = "1,2";
			};
			name = Release;
		};
/* End XCBuildConfiguration section */

/* Begin XCConfigurationList section */
		AC2179111FC350A40048423C /* Build configuration list for PBXProject "PwP2" */ = {
			isa = XCConfigurationList;
			buildConfigurations = (
				AC2179261FC350A40048423C /* Debug */,
				AC2179271FC350A40048423C /* Release */,
			);
			defaultConfigurationIsVisible = 0;
			defaultConfigurationName = Release;
		};
		AC2179281FC350A40048423C /* Build configuration list for PBXNativeTarget "PwP2" */ = {
			isa = XCConfigurationList;
			buildConfigurations = (
				AC2179291FC350A40048423C /* Debug */,
				AC21792A1FC350A40048423C /* Release */,
			);
			defaultConfigurationIsVisible = 0;
			defaultConfigurationName = Release;
		};
/* End XCConfigurationList section */
	};
	rootObject = AC21790E1FC350A40048423C /* Project object */;
}
